
Microsoft Visual Studio Solution File, Format Version 12.00
# Visual Studio Version 17
VisualStudioVersion = 17.13.35919.96
MinimumVisualStudioVersion = 10.0.40219.1
Project("{FAE04EC0-301F-11D3-BF4B-00C04F79EFBC}") = "Presentation", "DamianNavarroEPSolution\Presentation.csproj", "{897460FA-9B65-4269-A64E-A91C77044BE1}"
EndProject
Project("{FAE04EC0-301F-11D3-BF4B-00C04F79EFBC}") = "Domain", "Domain\Domain.csproj", "{9E855AA5-EA9A-4FBE-8678-3EC39BB7C59F}"
EndProject
Project("{FAE04EC0-301F-11D3-BF4B-00C04F79EFBC}") = "DataAccess", "DataAccess\DataAccess.csproj", "{25315FDF-FACD-4E0B-86FB-19908358ED29}"
EndProject
Global
	GlobalSection(SolutionConfigurationPlatforms) = preSolution
		Debug|Any CPU = Debug|Any CPU
		Release|Any CPU = Release|Any CPU
	EndGlobalSection
	GlobalSection(ProjectConfigurationPlatforms) = postSolution
		{897460FA-9B65-4269-A64E-A91C77044BE1}.Debug|Any CPU.ActiveCfg = Debug|Any CPU
		{897460FA-9B65-4269-A64E-A91C77044BE1}.Debug|Any CPU.Build.0 = Debug|Any CPU
		{897460FA-9B65-4269-A64E-A91C77044BE1}.Release|Any CPU.ActiveCfg = Release|Any CPU
		{897460FA-9B65-4269-A64E-A91C77044BE1}.Release|Any CPU.Build.0 = Release|Any CPU
		{9E855AA5-EA9A-4FBE-8678-3EC39BB7C59F}.Debug|Any CPU.ActiveCfg = Debug|Any CPU
		{9E855AA5-EA9A-4FBE-8678-3EC39BB7C59F}.Debug|Any CPU.Build.0 = Debug|Any CPU
		{9E855AA5-EA9A-4FBE-8678-3EC39BB7C59F}.Release|Any CPU.ActiveCfg = Release|Any CPU
		{9E855AA5-EA9A-4FBE-8678-3EC39BB7C59F}.Release|Any CPU.Build.0 = Release|Any CPU
		{25315FDF-FACD-4E0B-86FB-19908358ED29}.Debug|Any CPU.ActiveCfg = Debug|Any CPU
		{25315FDF-FACD-4E0B-86FB-19908358ED29}.Debug|Any CPU.Build.0 = Debug|Any CPU
		{25315FDF-FACD-4E0B-86FB-19908358ED29}.Release|Any CPU.ActiveCfg = Release|Any CPU
		{25315FDF-FACD-4E0B-86FB-19908358ED29}.Release|Any CPU.Build.0 = Release|Any CPU
	EndGlobalSection
	GlobalSection(SolutionProperties) = preSolution
		HideSolutionNode = FALSE
	EndGlobalSection
	GlobalSection(ExtensibilityGlobals) = postSolution
		SolutionGuid = {34504381-5F21-45F5-B2BA-25B53784558A}
	EndGlobalSection
EndGlobal
